// !$*UTF8*$!
{
	archiveVersion = 1;
	classes = {
	};
	objectVersion = 55;
	objects = {

/* Begin PBXBuildFile section */
		38091BB027287871004D833E /* PokemonTextApp.swift in Sources */ = {isa = PBXBuildFile; fileRef = 38091BAF27287871004D833E /* PokemonTextApp.swift */; };
		38091BB227287871004D833E /* ContentView.swift in Sources */ = {isa = PBXBuildFile; fileRef = 38091BB127287871004D833E /* ContentView.swift */; };
		38091BB427287873004D833E /* Assets.xcassets in Resources */ = {isa = PBXBuildFile; fileRef = 38091BB327287873004D833E /* Assets.xcassets */; };
		38091BB727287873004D833E /* Preview Assets.xcassets in Resources */ = {isa = PBXBuildFile; fileRef = 38091BB627287873004D833E /* Preview Assets.xcassets */; };
		38091BC027287901004D833E /* PokemonData.swift in Sources */ = {isa = PBXBuildFile; fileRef = 38091BBF27287901004D833E /* PokemonData.swift */; };
		38091BC22728794B004D833E /* StartScreen.swift in Sources */ = {isa = PBXBuildFile; fileRef = 38091BC12728794B004D833E /* StartScreen.swift */; };
		38091BC4272879A4004D833E /* PlayerData.swift in Sources */ = {isa = PBXBuildFile; fileRef = 38091BC3272879A4004D833E /* PlayerData.swift */; };
		38091BC82728811F004D833E /* MainMenu.swift in Sources */ = {isa = PBXBuildFile; fileRef = 38091BC72728811F004D833E /* MainMenu.swift */; };
		38091BCA27288C25004D833E /* GameText.swift in Sources */ = {isa = PBXBuildFile; fileRef = 38091BC927288C25004D833E /* GameText.swift */; };
		38091BCC27289876004D833E /* PokemonChoice.swift in Sources */ = {isa = PBXBuildFile; fileRef = 38091BCB27289876004D833E /* PokemonChoice.swift */; };
		3842553E273193A50036958E /* ItemScreen.swift in Sources */ = {isa = PBXBuildFile; fileRef = 3842553D273193A50036958E /* ItemScreen.swift */; };
		386E2AA02731CECE00C4AD2C /* StoreScreen.swift in Sources */ = {isa = PBXBuildFile; fileRef = 386E2A9F2731CECE00C4AD2C /* StoreScreen.swift */; };
		38A778C52728A29C00905360 /* BattleScreen.swift in Sources */ = {isa = PBXBuildFile; fileRef = 38A778C42728A29C00905360 /* BattleScreen.swift */; };
/* End PBXBuildFile section */

/* Begin PBXFileReference section */
		38091BAC27287871004D833E /* PokemonText.app */ = {isa = PBXFileReference; explicitFileType = wrapper.application; includeInIndex = 0; path = PokemonText.app; sourceTree = BUILT_PRODUCTS_DIR; };
		38091BAF27287871004D833E /* PokemonTextApp.swift */ = {isa = PBXFileReference; lastKnownFileType = sourcecode.swift; path = PokemonTextApp.swift; sourceTree = "<group>"; };
		38091BB127287871004D833E /* ContentView.swift */ = {isa = PBXFileReference; lastKnownFileType = sourcecode.swift; path = ContentView.swift; sourceTree = "<group>"; };
		38091BB327287873004D833E /* Assets.xcassets */ = {isa = PBXFileReference; lastKnownFileType = folder.assetcatalog; path = Assets.xcassets; sourceTree = "<group>"; };
		38091BB627287873004D833E /* Preview Assets.xcassets */ = {isa = PBXFileReference; lastKnownFileType = folder.assetcatalog; path = "Preview Assets.xcassets"; sourceTree = "<group>"; };
		38091BBF27287901004D833E /* PokemonData.swift */ = {isa = PBXFileReference; lastKnownFileType = sourcecode.swift; path = PokemonData.swift; sourceTree = "<group>"; };
		38091BC12728794B004D833E /* StartScreen.swift */ = {isa = PBXFileReference; lastKnownFileType = sourcecode.swift; path = StartScreen.swift; sourceTree = "<group>"; };
		38091BC3272879A4004D833E /* PlayerData.swift */ = {isa = PBXFileReference; lastKnownFileType = sourcecode.swift; path = PlayerData.swift; sourceTree = "<group>"; };
		38091BC72728811F004D833E /* MainMenu.swift */ = {isa = PBXFileReference; lastKnownFileType = sourcecode.swift; path = MainMenu.swift; sourceTree = "<group>"; };
		38091BC927288C25004D833E /* GameText.swift */ = {isa = PBXFileReference; lastKnownFileType = sourcecode.swift; path = GameText.swift; sourceTree = "<group>"; };
		38091BCB27289876004D833E /* PokemonChoice.swift */ = {isa = PBXFileReference; lastKnownFileType = sourcecode.swift; path = PokemonChoice.swift; sourceTree = "<group>"; };
		3842553D273193A50036958E /* ItemScreen.swift */ = {isa = PBXFileReference; lastKnownFileType = sourcecode.swift; path = ItemScreen.swift; sourceTree = "<group>"; };
		386E2A9F2731CECE00C4AD2C /* StoreScreen.swift */ = {isa = PBXFileReference; lastKnownFileType = sourcecode.swift; path = StoreScreen.swift; sourceTree = "<group>"; };
		38A778C42728A29C00905360 /* BattleScreen.swift */ = {isa = PBXFileReference; lastKnownFileType = sourcecode.swift; path = BattleScreen.swift; sourceTree = "<group>"; };
/* End PBXFileReference section */

/* Begin PBXFrameworksBuildPhase section */
		38091BA927287871004D833E /* Frameworks */ = {
			isa = PBXFrameworksBuildPhase;
			buildActionMask = 2147483647;
			files = (
			);
			runOnlyForDeploymentPostprocessing = 0;
		};
/* End PBXFrameworksBuildPhase section */

/* Begin PBXGroup section */
		38091BA327287871004D833E = {
			isa = PBXGroup;
			children = (
				38091BAE27287871004D833E /* PokemonText */,
				38091BAD27287871004D833E /* Products */,
			);
			sourceTree = "<group>";
		};
		38091BAD27287871004D833E /* Products */ = {
			isa = PBXGroup;
			children = (
				38091BAC27287871004D833E /* PokemonText.app */,
			);
			name = Products;
			sourceTree = "<group>";
		};
		38091BAE27287871004D833E /* PokemonText */ = {
			isa = PBXGroup;
			children = (
				38091BAF27287871004D833E /* PokemonTextApp.swift */,
				38091BB127287871004D833E /* ContentView.swift */,
				38091BBE272878F1004D833E /* Data */,
				38091BBD272878E9004D833E /* Screens */,
				38091BB327287873004D833E /* Assets.xcassets */,
				38091BB527287873004D833E /* Preview Content */,
			);
			path = PokemonText;
			sourceTree = "<group>";
		};
		38091BB527287873004D833E /* Preview Content */ = {
			isa = PBXGroup;
			children = (
				38091BB627287873004D833E /* Preview Assets.xcassets */,
			);
			path = "Preview Content";
			sourceTree = "<group>";
		};
		38091BBD272878E9004D833E /* Screens */ = {
			isa = PBXGroup;
			children = (
				38091BC12728794B004D833E /* StartScreen.swift */,
				38091BC72728811F004D833E /* MainMenu.swift */,
				38091BCB27289876004D833E /* PokemonChoice.swift */,
				38A778C42728A29C00905360 /* BattleScreen.swift */,
				3842553D273193A50036958E /* ItemScreen.swift */,
				386E2A9F2731CECE00C4AD2C /* StoreScreen.swift */,
			);
			path = Screens;
			sourceTree = "<group>";
		};
		38091BBE272878F1004D833E /* Data */ = {
			isa = PBXGroup;
			children = (
				38091BBF27287901004D833E /* PokemonData.swift */,
				38091BC3272879A4004D833E /* PlayerData.swift */,
				38091BC927288C25004D833E /* GameText.swift */,
			);
			path = Data;
			sourceTree = "<group>";
		};
/* End PBXGroup section */

/* Begin PBXNativeTarget section */
		38091BAB27287871004D833E /* PokemonText */ = {
			isa = PBXNativeTarget;
			buildConfigurationList = 38091BBA27287873004D833E /* Build configuration list for PBXNativeTarget "PokemonText" */;
			buildPhases = (
				38091BA827287871004D833E /* Sources */,
				38091BA927287871004D833E /* Frameworks */,
				38091BAA27287871004D833E /* Resources */,
			);
			buildRules = (
			);
			dependencies = (
			);
			name = PokemonText;
			productName = PokemonText;
			productReference = 38091BAC27287871004D833E /* PokemonText.app */;
			productType = "com.apple.product-type.application";
		};
/* End PBXNativeTarget section */

/* Begin PBXProject section */
		38091BA427287871004D833E /* Project object */ = {
			isa = PBXProject;
			attributes = {
				BuildIndependentTargetsInParallel = 1;
				LastSwiftUpdateCheck = 1310;
				LastUpgradeCheck = 1310;
				TargetAttributes = {
					38091BAB27287871004D833E = {
						CreatedOnToolsVersion = 13.1;
					};
				};
			};
			buildConfigurationList = 38091BA727287871004D833E /* Build configuration list for PBXProject "PokemonText" */;
			compatibilityVersion = "Xcode 13.0";
			developmentRegion = en;
			hasScannedForEncodings = 0;
			knownRegions = (
				en,
				Base,
			);
			mainGroup = 38091BA327287871004D833E;
			productRefGroup = 38091BAD27287871004D833E /* Products */;
			projectDirPath = "";
			projectRoot = "";
			targets = (
				38091BAB27287871004D833E /* PokemonText */,
			);
		};
/* End PBXProject section */

/* Begin PBXResourcesBuildPhase section */
		38091BAA27287871004D833E /* Resources */ = {
			isa = PBXResourcesBuildPhase;
			buildActionMask = 2147483647;
			files = (
				38091BB727287873004D833E /* Preview Assets.xcassets in Resources */,
				38091BB427287873004D833E /* Assets.xcassets in Resources */,
			);
			runOnlyForDeploymentPostprocessing = 0;
		};
/* End PBXResourcesBuildPhase section */

/* Begin PBXSourcesBuildPhase section */
		38091BA827287871004D833E /* Sources */ = {
			isa = PBXSourcesBuildPhase;
			buildActionMask = 2147483647;
			files = (
				3842553E273193A50036958E /* ItemScreen.swift in Sources */,
				38A778C52728A29C00905360 /* BattleScreen.swift in Sources */,
				38091BCA27288C25004D833E /* GameText.swift in Sources */,
				38091BB227287871004D833E /* ContentView.swift in Sources */,
				38091BC4272879A4004D833E /* PlayerData.swift in Sources */,
				38091BC82728811F004D833E /* MainMenu.swift in Sources */,
				38091BC027287901004D833E /* PokemonData.swift in Sources */,
				38091BC22728794B004D833E /* StartScreen.swift in Sources */,
				38091BB027287871004D833E /* PokemonTextApp.swift in Sources */,
				386E2AA02731CECE00C4AD2C /* StoreScreen.swift in Sources */,
				38091BCC27289876004D833E /* PokemonChoice.swift in Sources */,
			);
			runOnlyForDeploymentPostprocessing = 0;
		};
/* End PBXSourcesBuildPhase section */

/* Begin XCBuildConfiguration section */
		38091BB827287873004D833E /* Debug */ = {
			isa = XCBuildConfiguration;
			buildSettings = {
				ALWAYS_SEARCH_USER_PATHS = NO;
				CLANG_ANALYZER_NONNULL = YES;
				CLANG_ANALYZER_NUMBER_OBJECT_CONVERSION = YES_AGGRESSIVE;
				CLANG_CXX_LANGUAGE_STANDARD = "gnu++17";
				CLANG_CXX_LIBRARY = "libc++";
				CLANG_ENABLE_MODULES = YES;
				CLANG_ENABLE_OBJC_ARC = YES;
				CLANG_ENABLE_OBJC_WEAK = YES;
				CLANG_WARN_BLOCK_CAPTURE_AUTORELEASING = YES;
				CLANG_WARN_BOOL_CONVERSION = YES;
				CLANG_WARN_COMMA = YES;
				CLANG_WARN_CONSTANT_CONVERSION = YES;
				CLANG_WARN_DEPRECATED_OBJC_IMPLEMENTATIONS = YES;
				CLANG_WARN_DIRECT_OBJC_ISA_USAGE = YES_ERROR;
				CLANG_WARN_DOCUMENTATION_COMMENTS = YES;
				CLANG_WARN_EMPTY_BODY = YES;
				CLANG_WARN_ENUM_CONVERSION = YES;
				CLANG_WARN_INFINITE_RECURSION = YES;
				CLANG_WARN_INT_CONVERSION = YES;
				CLANG_WARN_NON_LITERAL_NULL_CONVERSION = YES;
				CLANG_WARN_OBJC_IMPLICIT_RETAIN_SELF = YES;
				CLANG_WARN_OBJC_LITERAL_CONVERSION = YES;
				CLANG_WARN_OBJC_ROOT_CLASS = YES_ERROR;
				CLANG_WARN_QUOTED_INCLUDE_IN_FRAMEWORK_HEADER = YES;
				CLANG_WARN_RANGE_LOOP_ANALYSIS = YES;
				CLANG_WARN_STRICT_PROTOTYPES = YES;
				CLANG_WARN_SUSPICIOUS_MOVE = YES;
				CLANG_WARN_UNGUARDED_AVAILABILITY = YES_AGGRESSIVE;
				CLANG_WARN_UNREACHABLE_CODE = YES;
				CLANG_WARN__DUPLICATE_METHOD_MATCH = YES;
				COPY_PHASE_STRIP = NO;
				DEBUG_INFORMATION_FORMAT = dwarf;
				ENABLE_STRICT_OBJC_MSGSEND = YES;
				ENABLE_TESTABILITY = YES;
				GCC_C_LANGUAGE_STANDARD = gnu11;
				GCC_DYNAMIC_NO_PIC = NO;
				GCC_NO_COMMON_BLOCKS = YES;
				GCC_OPTIMIZATION_LEVEL = 0;
				GCC_PREPROCESSOR_DEFINITIONS = (
					"DEBUG=1",
					"$(inherited)",
				);
				GCC_WARN_64_TO_32_BIT_CONVERSION = YES;
				GCC_WARN_ABOUT_RETURN_TYPE = YES_ERROR;
				GCC_WARN_UNDECLARED_SELECTOR = YES;
				GCC_WARN_UNINITIALIZED_AUTOS = YES_AGGRESSIVE;
				GCC_WARN_UNUSED_FUNCTION = YES;
				GCC_WARN_UNUSED_VARIABLE = YES;
				IPHONEOS_DEPLOYMENT_TARGET = 15.0;
				MTL_ENABLE_DEBUG_INFO = INCLUDE_SOURCE;
				MTL_FAST_MATH = YES;
				ONLY_ACTIVE_ARCH = YES;
				SDKROOT = iphoneos;
				SWIFT_ACTIVE_COMPILATION_CONDITIONS = DEBUG;
				SWIFT_OPTIMIZATION_LEVEL = "-Onone";
			};
			name = Debug;
		};
		38091BB927287873004D833E /* Release */ = {
			isa = XCBuildConfiguration;
			buildSettings = {
				ALWAYS_SEARCH_USER_PATHS = NO;
				CLANG_ANALYZER_NONNULL = YES;
				CLANG_ANALYZER_NUMBER_OBJECT_CONVERSION = YES_AGGRESSIVE;
				CLANG_CXX_LANGUAGE_STANDARD = "gnu++17";
				CLANG_CXX_LIBRARY = "libc++";
				CLANG_ENABLE_MODULES = YES;
				CLANG_ENABLE_OBJC_ARC = YES;
				CLANG_ENABLE_OBJC_WEAK = YES;
				CLANG_WARN_BLOCK_CAPTURE_AUTORELEASING = YES;
				CLANG_WARN_BOOL_CONVERSION = YES;
				CLANG_WARN_COMMA = YES;
				CLANG_WARN_CONSTANT_CONVERSION = YES;
				CLANG_WARN_DEPRECATED_OBJC_IMPLEMENTATIONS = YES;
				CLANG_WARN_DIRECT_OBJC_ISA_USAGE = YES_ERROR;
				CLANG_WARN_DOCUMENTATION_COMMENTS = YES;
				CLANG_WARN_EMPTY_BODY = YES;
				CLANG_WARN_ENUM_CONVERSION = YES;
				CLANG_WARN_INFINITE_RECURSION = YES;
				CLANG_WARN_INT_CONVERSION = YES;
				CLANG_WARN_NON_LITERAL_NULL_CONVERSION = YES;
				CLANG_WARN_OBJC_IMPLICIT_RETAIN_SELF = YES;
				CLANG_WARN_OBJC_LITERAL_CONVERSION = YES;
				CLANG_WARN_OBJC_ROOT_CLASS = YES_ERROR;
				CLANG_WARN_QUOTED_INCLUDE_IN_FRAMEWORK_HEADER = YES;
				CLANG_WARN_RANGE_LOOP_ANALYSIS = YES;
				CLANG_WARN_STRICT_PROTOTYPES = YES;
				CLANG_WARN_SUSPICIOUS_MOVE = YES;
				CLANG_WARN_UNGUARDED_AVAILABILITY = YES_AGGRESSIVE;
				CLANG_WARN_UNREACHABLE_CODE = YES;
				CLANG_WARN__DUPLICATE_METHOD_MATCH = YES;
				COPY_PHASE_STRIP = NO;
				DEBUG_INFORMATION_FORMAT = "dwarf-with-dsym";
				ENABLE_NS_ASSERTIONS = NO;
				ENABLE_STRICT_OBJC_MSGSEND = YES;
				GCC_C_LANGUAGE_STANDARD = gnu11;
				GCC_NO_COMMON_BLOCKS = YES;
				GCC_WARN_64_TO_32_BIT_CONVERSION = YES;
				GCC_WARN_ABOUT_RETURN_TYPE = YES_ERROR;
				GCC_WARN_UNDECLARED_SELECTOR = YES;
				GCC_WARN_UNINITIALIZED_AUTOS = YES_AGGRESSIVE;
				GCC_WARN_UNUSED_FUNCTION = YES;
				GCC_WARN_UNUSED_VARIABLE = YES;
				IPHONEOS_DEPLOYMENT_TARGET = 15.0;
				MTL_ENABLE_DEBUG_INFO = NO;
				MTL_FAST_MATH = YES;
				SDKROOT = iphoneos;
				SWIFT_COMPILATION_MODE = wholemodule;
				SWIFT_OPTIMIZATION_LEVEL = "-O";
				VALIDATE_PRODUCT = YES;
			};
			name = Release;
		};
		38091BBB27287873004D833E /* Debug */ = {
			isa = XCBuildConfiguration;
			buildSettings = {
				ASSETCATALOG_COMPILER_APPICON_NAME = AppIcon;
				ASSETCATALOG_COMPILER_GLOBAL_ACCENT_COLOR_NAME = AccentColor;
				CODE_SIGN_STYLE = Automatic;
				CURRENT_PROJECT_VERSION = 1;
				DEVELOPMENT_ASSET_PATHS = "\"PokemonText/Preview Content\"";
				DEVELOPMENT_TEAM = 2FS5H69LZ7;
				ENABLE_PREVIEWS = YES;
				GENERATE_INFOPLIST_FILE = YES;
				INFOPLIST_KEY_UIApplicationSceneManifest_Generation = YES;
				INFOPLIST_KEY_UIApplicationSupportsIndirectInputEvents = YES;
				INFOPLIST_KEY_UILaunchScreen_Generation = YES;
				INFOPLIST_KEY_UISupportedInterfaceOrientations = UIInterfaceOrientationPortrait;
				INFOPLIST_KEY_UISupportedInterfaceOrientations_iPad = "UIInterfaceOrientationPortrait UIInterfaceOrientationPortraitUpsideDown";
				INFOPLIST_KEY_UISupportedInterfaceOrientations_iPhone = UIInterfaceOrientationPortrait;
				LD_RUNPATH_SEARCH_PATHS = (
					"$(inherited)",
					"@executable_path/Frameworks",
				);
				MARKETING_VERSION = 1.0;
				PRODUCT_BUNDLE_IDENTIFIER = Adib.PokemonText;
				PRODUCT_NAME = "$(TARGET_NAME)";
				SWIFT_EMIT_LOC_STRINGS = YES;
				SWIFT_VERSION = 5.0;
				TARGETED_DEVICE_FAMILY = "1,2";
			};
			name = Debug;
		};
		38091BBC27287873004D833E /* Release */ = {
			isa = XCBuildConfiguration;
			buildSettings = {
				ASSETCATALOG_COMPILER_APPICON_NAME = AppIcon;
				ASSETCATALOG_COMPILER_GLOBAL_ACCENT_COLOR_NAME = AccentColor;
				CODE_SIGN_STYLE = Automatic;
				CURRENT_PROJECT_VERSION = 1;
				DEVELOPMENT_ASSET_PATHS = "\"PokemonText/Preview Content\"";
				DEVELOPMENT_TEAM = 2FS5H69LZ7;
				ENABLE_PREVIEWS = YES;
				GENERATE_INFOPLIST_FILE = YES;
				INFOPLIST_KEY_UIApplicationSceneManifest_Generation = YES;
				INFOPLIST_KEY_UIApplicationSupportsIndirectInputEvents = YES;
				INFOPLIST_KEY_UILaunchScreen_Generation = YES;
				INFOPLIST_KEY_UISupportedInterfaceOrientations = UIInterfaceOrientationPortrait;
				INFOPLIST_KEY_UISupportedInterfaceOrientations_iPad = "UIInterfaceOrientationPortrait UIInterfaceOrientationPortraitUpsideDown";
				INFOPLIST_KEY_UISupportedInterfaceOrientations_iPhone = UIInterfaceOrientationPortrait;
				LD_RUNPATH_SEARCH_PATHS = (
					"$(inherited)",
					"@executable_path/Frameworks",
				);
				MARKETING_VERSION = 1.0;
				PRODUCT_BUNDLE_IDENTIFIER = Adib.PokemonText;
				PRODUCT_NAME = "$(TARGET_NAME)";
				SWIFT_EMIT_LOC_STRINGS = YES;
				SWIFT_VERSION = 5.0;
				TARGETED_DEVICE_FAMILY = "1,2";
			};
			name = Release;
		};
/* End XCBuildConfiguration section */

/* Begin XCConfigurationList section */
		38091BA727287871004D833E /* Build configuration list for PBXProject "PokemonText" */ = {
			isa = XCConfigurationList;
			buildConfigurations = (
				38091BB827287873004D833E /* Debug */,
				38091BB927287873004D833E /* Release */,
			);
			defaultConfigurationIsVisible = 0;
			defaultConfigurationName = Release;
		};
		38091BBA27287873004D833E /* Build configuration list for PBXNativeTarget "PokemonText" */ = {
			isa = XCConfigurationList;
			buildConfigurations = (
				38091BBB27287873004D833E /* Debug */,
				38091BBC27287873004D833E /* Release */,
			);
			defaultConfigurationIsVisible = 0;
			defaultConfigurationName = Release;
		};
/* End XCConfigurationList section */
	};
	rootObject = 38091BA427287871004D833E /* Project object */;
}
